
Microsoft Visual Studio Solution File, Format Version 12.00
# Visual Studio Version 17
VisualStudioVersion = 17.1.32407.343
MinimumVisualStudioVersion = 10.0.40219.1
Project("{FAE04EC0-301F-11D3-BF4B-00C04F79EFBC}") = "Clase 4", "Clase 4.csproj", "{21C76559-8B5A-42DA-BAA7-DE74A6702462}"
EndProject
Global
	GlobalSection(SolutionConfigurationPlatforms) = preSolution
		Debug|Any CPU = Debug|Any CPU
		Release|Any CPU = Release|Any CPU
	EndGlobalSection
	GlobalSection(ProjectConfigurationPlatforms) = postSolution
		{21C76559-8B5A-42DA-BAA7-DE74A6702462}.Debug|Any CPU.ActiveCfg = Debug|Any CPU
		{21C76559-8B5A-42DA-BAA7-DE74A6702462}.Debug|Any CPU.Build.0 = Debug|Any CPU
		{21C76559-8B5A-42DA-BAA7-DE74A6702462}.Release|Any CPU.ActiveCfg = Release|Any CPU
		{21C76559-8B5A-42DA-BAA7-DE74A6702462}.Release|Any CPU.Build.0 = Release|Any CPU
	EndGlobalSection
	GlobalSection(SolutionProperties) = preSolution
		HideSolutionNode = FALSE
	EndGlobalSection
	GlobalSection(ExtensibilityGlobals) = postSolution
		SolutionGuid = {178BC10E-6417-4675-A6A1-01760AC0468F}
	EndGlobalSection
EndGlobal
