
Microsoft Visual Studio Solution File, Format Version 12.00
# Visual Studio Version 17
VisualStudioVersion = 17.0.31919.166
MinimumVisualStudioVersion = 10.0.40219.1
Project("{FAE04EC0-301F-11D3-BF4B-00C04F79EFBC}") = "Clase3b", "Clase3b.csproj", "{50B7AE81-EC7A-427E-B772-1F8F1FE81CF2}"
EndProject
Global
	GlobalSection(SolutionConfigurationPlatforms) = preSolution
		Debug|Any CPU = Debug|Any CPU
		Release|Any CPU = Release|Any CPU
	EndGlobalSection
	GlobalSection(ProjectConfigurationPlatforms) = postSolution
		{50B7AE81-EC7A-427E-B772-1F8F1FE81CF2}.Debug|Any CPU.ActiveCfg = Debug|Any CPU
		{50B7AE81-EC7A-427E-B772-1F8F1FE81CF2}.Debug|Any CPU.Build.0 = Debug|Any CPU
		{50B7AE81-EC7A-427E-B772-1F8F1FE81CF2}.Release|Any CPU.ActiveCfg = Release|Any CPU
		{50B7AE81-EC7A-427E-B772-1F8F1FE81CF2}.Release|Any CPU.Build.0 = Release|Any CPU
	EndGlobalSection
	GlobalSection(SolutionProperties) = preSolution
		HideSolutionNode = FALSE
	EndGlobalSection
	GlobalSection(ExtensibilityGlobals) = postSolution
		SolutionGuid = {C8B7AAE4-1913-451E-90A1-3A9C37D19F1A}
	EndGlobalSection
EndGlobal
